Microsoft Visual Studio Solution File, Format Version 12.00
# Visual Studio Version 17
VisualStudioVersion = 17.4.33122.133
MinimumVisualStudioVersion = 10.0.40219.1
Project("{2150E333-8FDC-42A3-9474-1A3956D46DE8}") = "Solution Items", "Solution Items", "{A1E92215-0BCB-47D4-9F3A-1ED2E3384ACD}"
	ProjectSection(SolutionItems) = preProject
		.editorconfig = .editorconfig
		common.props = common.props
		common.test.props = common.test.props
		Directory.Build.props = Directory.Build.props
		Directory.Packages.props = Directory.Packages.props
		LICENSE = LICENSE
		logo.svg = logo.svg
		NuGet.md = NuGet.md
	EndProjectSection
EndProject
Project("{2150E333-8FDC-42A3-9474-1A3956D46DE8}") = "src", "src", "{347A782E-D5BC-4DB0-AB89-6062B411477D}"
EndProject
Project("{2150E333-8FDC-42A3-9474-1A3956D46DE8}") = "Core", "Core", "{505EABA7-B69D-446E-9D15-03DA477767C9}"
EndProject
Project("{9A19103F-16F7-4668-BE54-9A1E7A4F7556}") = "HuanskyFW", "src\Core\HuanskyFW\HuanskyFW.csproj", "{9AFE963E-B0DD-4C1D-8B7C-18ACD33F4E9A}"
EndProject
Project("{9A19103F-16F7-4668-BE54-9A1E7A4F7556}") = "HuanskyFW.Core", "src\Core\HuanskyFW.Core\HuanskyFW.Core.csproj", "{4E34B6CD-9805-47EA-B24F-B961DB1433A4}"
EndProject
Project("{9A19103F-16F7-4668-BE54-9A1E7A4F7556}") = "HuanskyFW.Ddd.Domain", "src\Core\HuanskyFW.Ddd.Domain\HuanskyFW.Ddd.Domain.csproj", "{1863B629-31AB-48C1-BA12-0F31AC3A1036}"
EndProject
Project("{9A19103F-16F7-4668-BE54-9A1E7A4F7556}") = "HuanskyFW.AspNetCore", "src\Core\HuanskyFW.AspNetCore\HuanskyFW.AspNetCore.csproj", "{94F2E563-A9CD-4B1F-A8CA-094569C85C97}"
EndProject
Project("{2150E333-8FDC-42A3-9474-1A3956D46DE8}") = "Caching", "Caching", "{DDCB09F1-3118-44AA-88D2-018AF2189F66}"
EndProject
Project("{2150E333-8FDC-42A3-9474-1A3956D46DE8}") = "DistributedLocking", "DistributedLocking", "{3836D17E-1BB4-43C0-8B2D-DDFF0A48ABD6}"
EndProject
Project("{9A19103F-16F7-4668-BE54-9A1E7A4F7556}") = "HuanskyFW.Caching", "src\Caching\HuanskyFW.Caching\HuanskyFW.Caching.csproj", "{3EAEED05-0E05-439D-B5E7-6B96C0552037}"
EndProject
Project("{9A19103F-16F7-4668-BE54-9A1E7A4F7556}") = "HuanskyFW.Caching.StackExchangeRedis", "src\Caching\HuanskyFW.Caching.StackExchangeRedis\HuanskyFW.Caching.StackExchangeRedis.csproj", "{72E0C848-EE1D-4B43-8A4B-42EA5C275E8D}"
EndProject
Project("{9A19103F-16F7-4668-BE54-9A1E7A4F7556}") = "HuanskyFW.DistributedLocking", "src\DistributedLocking\HuanskyFW.DistributedLocking\HuanskyFW.DistributedLocking.csproj", "{8A20163B-3C52-44D2-8AAC-E3127E44F8BB}"
EndProject
Project("{9A19103F-16F7-4668-BE54-9A1E7A4F7556}") = "HuanskyFW.DistributedLocking.Abstractions", "src\DistributedLocking\HuanskyFW.DistributedLocking.Abstractions\HuanskyFW.DistributedLocking.Abstractions.csproj", "{0D9954E7-C0BF-4ECD-B3FF-0333F81A6AC9}"
EndProject
Project("{9A19103F-16F7-4668-BE54-9A1E7A4F7556}") = "HuanskyFW.DistributedLocking.Dapr", "src\DistributedLocking\HuanskyFW.DistributedLocking.Dapr\HuanskyFW.DistributedLocking.Dapr.csproj", "{62A6406E-D00B-42A7-A103-2100E72C24F0}"
EndProject
Project("{9A19103F-16F7-4668-BE54-9A1E7A4F7556}") = "HuanskyFW.DistributedLocking.Medallion", "src\DistributedLocking\HuanskyFW.DistributedLocking.Medallion\HuanskyFW.DistributedLocking.Medallion.csproj", "{D400C572-F14C-4E27-8446-1AA77565105C}"
EndProject
Project("{2150E333-8FDC-42A3-9474-1A3956D46DE8}") = "EFCore", "EFCore", "{7C7AAD51-7F46-4E24-AE63-CF77502CBA99}"
EndProject
Project("{9A19103F-16F7-4668-BE54-9A1E7A4F7556}") = "HuanskyFW.EntityFrameworkCore", "src\EFCore\HuanskyFW.EntityFrameworkCore\HuanskyFW.EntityFrameworkCore.csproj", "{7C802C2F-17CF-459F-826F-B7695C8BE210}"
EndProject
Project("{9A19103F-16F7-4668-BE54-9A1E7A4F7556}") = "HuanskyFW.EntityFrameworkCore.Mysql", "src\EFCore\HuanskyFW.EntityFrameworkCore.Mysql\HuanskyFW.EntityFrameworkCore.Mysql.csproj", "{CFED8D65-B50F-4343-B3C8-C9428F5F1D7A}"
EndProject
Project("{2150E333-8FDC-42A3-9474-1A3956D46DE8}") = "Http", "Http", "{4F249DDC-3FDF-4084-A434-3F107E2C9885}"
EndProject
Project("{9A19103F-16F7-4668-BE54-9A1E7A4F7556}") = "HuanskyFW.Http.Client", "src\Http\HuanskyFW.Http.Client\HuanskyFW.Http.Client.csproj", "{152369CA-0F1D-4C7C-BC81-E6692FB0D32E}"
EndProject
Project("{9A19103F-16F7-4668-BE54-9A1E7A4F7556}") = "HuanskyFW.RemoteServices", "src\Http\HuanskyFW.RemoteServices\HuanskyFW.RemoteServices.csproj", "{623C4C6F-F6FB-448C-9415-9081021359D8}"
EndProject
Project("{2150E333-8FDC-42A3-9474-1A3956D46DE8}") = "EventBus", "EventBus", "{8754DA17-B6AB-4A64-B129-0858CF8133D4}"
EndProject
Project("{9A19103F-16F7-4668-BE54-9A1E7A4F7556}") = "HuanskyFW.EventBus.Abstractions", "src\EventBus\HuanskyFW.EventBus.Abstractions\HuanskyFW.EventBus.Abstractions.csproj", "{AF2C42D5-AFA5-442A-AC25-020B7E65F29B}"
EndProject
Project("{9A19103F-16F7-4668-BE54-9A1E7A4F7556}") = "HuanskyFW.EventBus", "src\EventBus\HuanskyFW.EventBus\HuanskyFW.EventBus.csproj", "{AF31C32E-C716-43BA-B03B-B9BD75B26660}"
EndProject
Project("{9A19103F-16F7-4668-BE54-9A1E7A4F7556}") = "HuanskyFW.EventBus.Rebus", "src\EventBus\HuanskyFW.EventBus.Rebus\HuanskyFW.EventBus.Rebus.csproj", "{9A4D1618-A0CD-413E-B356-3219E27ABD6F}"
EndProject
Project("{9A19103F-16F7-4668-BE54-9A1E7A4F7556}") = "HuanskyFW.EventBus.Dapr", "src\EventBus\HuanskyFW.EventBus.Dapr\HuanskyFW.EventBus.Dapr.csproj", "{71B1C897-7B00-470E-8AA2-4DCF62F0DCA2}"
EndProject
Project("{2150E333-8FDC-42A3-9474-1A3956D46DE8}") = "Json", "Json", "{C04994B5-4389-4A97-AD25-12B67DB6E7C7}"
EndProject
Project("{9A19103F-16F7-4668-BE54-9A1E7A4F7556}") = "HuanskyFW.Serialize.Json.Abstractions", "src\Serialize\Json\HuanskyFW.Serialize.Json.Abstractions\HuanskyFW.Serialize.Json.Abstractions.csproj", "{0D896474-A37B-4551-A14E-4B5C6DB9C5D9}"
EndProject
Project("{9A19103F-16F7-4668-BE54-9A1E7A4F7556}") = "HuanskyFW.Serialize.Json.SystemTextJson", "src\Serialize\Json\HuanskyFW.Serialize.Json.SystemTextJson\HuanskyFW.Serialize.Json.SystemTextJson.csproj", "{03E132B9-C74A-4C98-A798-FC9A79B9A323}"
EndProject
Project("{2150E333-8FDC-42A3-9474-1A3956D46DE8}") = "Mapping", "Mapping", "{A857F0B6-8A93-43A8-BCDE-7E9300C39097}"
EndProject
Project("{2150E333-8FDC-42A3-9474-1A3956D46DE8}") = "RateLimiting", "RateLimiting", "{074A81D8-28C4-42CA-A0CC-CB6927FA75AF}"
EndProject
Project("{9A19103F-16F7-4668-BE54-9A1E7A4F7556}") = "HuanskyFW.RateLimiting", "src\RateLimiting\HuanskyFW.RateLimiting\HuanskyFW.RateLimiting.csproj", "{15399D65-CC5F-4240-97A1-5CA06602EEC8}"
EndProject
Project("{2150E333-8FDC-42A3-9474-1A3956D46DE8}") = "test", "test", "{440387C2-A709-4EEC-B3A5-41F8DE063392}"
EndProject
Project("{2150E333-8FDC-42A3-9474-1A3956D46DE8}") = "doc", "doc", "{FC522A82-0CDC-48C1-9F17-4B6A7984361F}"
	ProjectSection(SolutionItems) = preProject
		..\README.md = ..\README.md
	EndProjectSection
EndProject
Project("{2150E333-8FDC-42A3-9474-1A3956D46DE8}") = "Dapr", "Dapr", "{22535931-49DD-419C-B19A-21AA3B36E95A}"
EndProject
Project("{9A19103F-16F7-4668-BE54-9A1E7A4F7556}") = "HuanskyFW.Dapr", "src\Dapr\HuanskyFW.Dapr\HuanskyFW.Dapr.csproj", "{47DB9698-583E-41EA-A0FD-FF8D53BA0E96}"
EndProject
Project("{2150E333-8FDC-42A3-9474-1A3956D46DE8}") = "Core", "Core", "{2BD6FE8C-8152-41F6-994D-0B3CF8754F29}"
EndProject
Project("{9A19103F-16F7-4668-BE54-9A1E7A4F7556}") = "HuanskyFW.Core.Tests", "test\Core\HuanskyFW.Core.Tests\HuanskyFW.Core.Tests.csproj", "{9BB9DB8E-10FD-4284-88C7-6C3A9EDDAF9C}"
EndProject
Project("{9A19103F-16F7-4668-BE54-9A1E7A4F7556}") = "HuanskyFW.Ddd.Domain.Tests", "test\Core\HuanskyFW.Ddd.Domain.Tests\HuanskyFW.Ddd.Domain.Tests.csproj", "{8303F4DB-F3FB-44A2-BE0F-038D8F820D2E}"
EndProject
Project("{2150E333-8FDC-42A3-9474-1A3956D46DE8}") = "Serialize", "Serialize", "{52CBA619-BCD2-4BBF-82F6-332C6A463FB2}"
EndProject
Project("{2150E333-8FDC-42A3-9474-1A3956D46DE8}") = "BackgroundJobs", "BackgroundJobs", "{8EEB7B73-85F4-4230-AC48-BD14BBBE741E}"
EndProject
Project("{9A19103F-16F7-4668-BE54-9A1E7A4F7556}") = "HuanskyFW.BackgroundJobs", "src\BackgroundJobs\HuanskyFW.BackgroundJobs\HuanskyFW.BackgroundJobs.csproj", "{88F60121-02F8-4328-A503-70299E0C8952}"
EndProject
Project("{9A19103F-16F7-4668-BE54-9A1E7A4F7556}") = "HuanskyFW.BackgroundWorkers", "src\BackgroundJobs\HuanskyFW.BackgroundWorkers\HuanskyFW.BackgroundWorkers.csproj", "{CFB03489-3787-43D4-B524-5261C1CEEBE7}"
EndProject
Project("{2150E333-8FDC-42A3-9474-1A3956D46DE8}") = "Storage", "Storage", "{9B333F67-19E5-4186-8AD2-552C249CB460}"
EndProject
Project("{9A19103F-16F7-4668-BE54-9A1E7A4F7556}") = "HuanskyFW.Storage.Abstractions", "src\Storage\HuanskyFW.Storage.Abstractions\HuanskyFW.Storage.Abstractions.csproj", "{D2054CE5-4098-418D-BC98-E199F4B36B2A}"
EndProject
Project("{FAE04EC0-301F-11D3-BF4B-00C04F79EFBC}") = "HuanskyFW.Storage.FileSystem", "src\Storage\HuanskyFW.Storage.FileSystem\HuanskyFW.Storage.FileSystem.csproj", "{D30B43C5-6B34-4BE2-998C-FDDC69CE505E}"
EndProject
Global
	GlobalSection(SolutionConfigurationPlatforms) = preSolution
		Debug|Any CPU = Debug|Any CPU
		Release|Any CPU = Release|Any CPU
	EndGlobalSection
	GlobalSection(ProjectConfigurationPlatforms) = postSolution
		{9AFE963E-B0DD-4C1D-8B7C-18ACD33F4E9A}.Debug|Any CPU.ActiveCfg = Debug|Any CPU
		{9AFE963E-B0DD-4C1D-8B7C-18ACD33F4E9A}.Debug|Any CPU.Build.0 = Debug|Any CPU
		{9AFE963E-B0DD-4C1D-8B7C-18ACD33F4E9A}.Release|Any CPU.ActiveCfg = Release|Any CPU
		{9AFE963E-B0DD-4C1D-8B7C-18ACD33F4E9A}.Release|Any CPU.Build.0 = Release|Any CPU
		{4E34B6CD-9805-47EA-B24F-B961DB1433A4}.Debug|Any CPU.ActiveCfg = Debug|Any CPU
		{4E34B6CD-9805-47EA-B24F-B961DB1433A4}.Debug|Any CPU.Build.0 = Debug|Any CPU
		{4E34B6CD-9805-47EA-B24F-B961DB1433A4}.Release|Any CPU.ActiveCfg = Release|Any CPU
		{4E34B6CD-9805-47EA-B24F-B961DB1433A4}.Release|Any CPU.Build.0 = Release|Any CPU
		{1863B629-31AB-48C1-BA12-0F31AC3A1036}.Debug|Any CPU.ActiveCfg = Debug|Any CPU
		{1863B629-31AB-48C1-BA12-0F31AC3A1036}.Debug|Any CPU.Build.0 = Debug|Any CPU
		{1863B629-31AB-48C1-BA12-0F31AC3A1036}.Release|Any CPU.ActiveCfg = Release|Any CPU
		{1863B629-31AB-48C1-BA12-0F31AC3A1036}.Release|Any CPU.Build.0 = Release|Any CPU
		{94F2E563-A9CD-4B1F-A8CA-094569C85C97}.Debug|Any CPU.ActiveCfg = Debug|Any CPU
		{94F2E563-A9CD-4B1F-A8CA-094569C85C97}.Debug|Any CPU.Build.0 = Debug|Any CPU
		{94F2E563-A9CD-4B1F-A8CA-094569C85C97}.Release|Any CPU.ActiveCfg = Release|Any CPU
		{94F2E563-A9CD-4B1F-A8CA-094569C85C97}.Release|Any CPU.Build.0 = Release|Any CPU
		{3EAEED05-0E05-439D-B5E7-6B96C0552037}.Debug|Any CPU.ActiveCfg = Debug|Any CPU
		{3EAEED05-0E05-439D-B5E7-6B96C0552037}.Debug|Any CPU.Build.0 = Debug|Any CPU
		{3EAEED05-0E05-439D-B5E7-6B96C0552037}.Release|Any CPU.ActiveCfg = Release|Any CPU
		{3EAEED05-0E05-439D-B5E7-6B96C0552037}.Release|Any CPU.Build.0 = Release|Any CPU
		{72E0C848-EE1D-4B43-8A4B-42EA5C275E8D}.Debug|Any CPU.ActiveCfg = Debug|Any CPU
		{72E0C848-EE1D-4B43-8A4B-42EA5C275E8D}.Debug|Any CPU.Build.0 = Debug|Any CPU
		{72E0C848-EE1D-4B43-8A4B-42EA5C275E8D}.Release|Any CPU.ActiveCfg = Release|Any CPU
		{72E0C848-EE1D-4B43-8A4B-42EA5C275E8D}.Release|Any CPU.Build.0 = Release|Any CPU
		{8A20163B-3C52-44D2-8AAC-E3127E44F8BB}.Debug|Any CPU.ActiveCfg = Debug|Any CPU
		{8A20163B-3C52-44D2-8AAC-E3127E44F8BB}.Debug|Any CPU.Build.0 = Debug|Any CPU
		{8A20163B-3C52-44D2-8AAC-E3127E44F8BB}.Release|Any CPU.ActiveCfg = Release|Any CPU
		{8A20163B-3C52-44D2-8AAC-E3127E44F8BB}.Release|Any CPU.Build.0 = Release|Any CPU
		{0D9954E7-C0BF-4ECD-B3FF-0333F81A6AC9}.Debug|Any CPU.ActiveCfg = Debug|Any CPU
		{0D9954E7-C0BF-4ECD-B3FF-0333F81A6AC9}.Debug|Any CPU.Build.0 = Debug|Any CPU
		{0D9954E7-C0BF-4ECD-B3FF-0333F81A6AC9}.Release|Any CPU.ActiveCfg = Release|Any CPU
		{0D9954E7-C0BF-4ECD-B3FF-0333F81A6AC9}.Release|Any CPU.Build.0 = Release|Any CPU
		{62A6406E-D00B-42A7-A103-2100E72C24F0}.Debug|Any CPU.ActiveCfg = Debug|Any CPU
		{62A6406E-D00B-42A7-A103-2100E72C24F0}.Debug|Any CPU.Build.0 = Debug|Any CPU
		{62A6406E-D00B-42A7-A103-2100E72C24F0}.Release|Any CPU.ActiveCfg = Release|Any CPU
		{62A6406E-D00B-42A7-A103-2100E72C24F0}.Release|Any CPU.Build.0 = Release|Any CPU
		{D400C572-F14C-4E27-8446-1AA77565105C}.Debug|Any CPU.ActiveCfg = Debug|Any CPU
		{D400C572-F14C-4E27-8446-1AA77565105C}.Debug|Any CPU.Build.0 = Debug|Any CPU
		{D400C572-F14C-4E27-8446-1AA77565105C}.Release|Any CPU.ActiveCfg = Release|Any CPU
		{D400C572-F14C-4E27-8446-1AA77565105C}.Release|Any CPU.Build.0 = Release|Any CPU
		{7C802C2F-17CF-459F-826F-B7695C8BE210}.Debug|Any CPU.ActiveCfg = Debug|Any CPU
		{7C802C2F-17CF-459F-826F-B7695C8BE210}.Debug|Any CPU.Build.0 = Debug|Any CPU
		{7C802C2F-17CF-459F-826F-B7695C8BE210}.Release|Any CPU.ActiveCfg = Release|Any CPU
		{7C802C2F-17CF-459F-826F-B7695C8BE210}.Release|Any CPU.Build.0 = Release|Any CPU
		{CFED8D65-B50F-4343-B3C8-C9428F5F1D7A}.Debug|Any CPU.ActiveCfg = Debug|Any CPU
		{CFED8D65-B50F-4343-B3C8-C9428F5F1D7A}.Debug|Any CPU.Build.0 = Debug|Any CPU
		{CFED8D65-B50F-4343-B3C8-C9428F5F1D7A}.Release|Any CPU.ActiveCfg = Release|Any CPU
		{CFED8D65-B50F-4343-B3C8-C9428F5F1D7A}.Release|Any CPU.Build.0 = Release|Any CPU
		{152369CA-0F1D-4C7C-BC81-E6692FB0D32E}.Debug|Any CPU.ActiveCfg = Debug|Any CPU
		{152369CA-0F1D-4C7C-BC81-E6692FB0D32E}.Debug|Any CPU.Build.0 = Debug|Any CPU
		{152369CA-0F1D-4C7C-BC81-E6692FB0D32E}.Release|Any CPU.ActiveCfg = Release|Any CPU
		{152369CA-0F1D-4C7C-BC81-E6692FB0D32E}.Release|Any CPU.Build.0 = Release|Any CPU
		{623C4C6F-F6FB-448C-9415-9081021359D8}.Debug|Any CPU.ActiveCfg = Debug|Any CPU
		{623C4C6F-F6FB-448C-9415-9081021359D8}.Debug|Any CPU.Build.0 = Debug|Any CPU
		{623C4C6F-F6FB-448C-9415-9081021359D8}.Release|Any CPU.ActiveCfg = Release|Any CPU
		{623C4C6F-F6FB-448C-9415-9081021359D8}.Release|Any CPU.Build.0 = Release|Any CPU
		{AF2C42D5-AFA5-442A-AC25-020B7E65F29B}.Debug|Any CPU.ActiveCfg = Debug|Any CPU
		{AF2C42D5-AFA5-442A-AC25-020B7E65F29B}.Debug|Any CPU.Build.0 = Debug|Any CPU
		{AF2C42D5-AFA5-442A-AC25-020B7E65F29B}.Release|Any CPU.ActiveCfg = Release|Any CPU
		{AF2C42D5-AFA5-442A-AC25-020B7E65F29B}.Release|Any CPU.Build.0 = Release|Any CPU
		{AF31C32E-C716-43BA-B03B-B9BD75B26660}.Debug|Any CPU.ActiveCfg = Debug|Any CPU
		{AF31C32E-C716-43BA-B03B-B9BD75B26660}.Debug|Any CPU.Build.0 = Debug|Any CPU
		{AF31C32E-C716-43BA-B03B-B9BD75B26660}.Release|Any CPU.ActiveCfg = Release|Any CPU
		{AF31C32E-C716-43BA-B03B-B9BD75B26660}.Release|Any CPU.Build.0 = Release|Any CPU
		{9A4D1618-A0CD-413E-B356-3219E27ABD6F}.Debug|Any CPU.ActiveCfg = Debug|Any CPU
		{9A4D1618-A0CD-413E-B356-3219E27ABD6F}.Debug|Any CPU.Build.0 = Debug|Any CPU
		{9A4D1618-A0CD-413E-B356-3219E27ABD6F}.Release|Any CPU.ActiveCfg = Release|Any CPU
		{9A4D1618-A0CD-413E-B356-3219E27ABD6F}.Release|Any CPU.Build.0 = Release|Any CPU
		{71B1C897-7B00-470E-8AA2-4DCF62F0DCA2}.Debug|Any CPU.ActiveCfg = Debug|Any CPU
		{71B1C897-7B00-470E-8AA2-4DCF62F0DCA2}.Debug|Any CPU.Build.0 = Debug|Any CPU
		{71B1C897-7B00-470E-8AA2-4DCF62F0DCA2}.Release|Any CPU.ActiveCfg = Release|Any CPU
		{71B1C897-7B00-470E-8AA2-4DCF62F0DCA2}.Release|Any CPU.Build.0 = Release|Any CPU
		{0D896474-A37B-4551-A14E-4B5C6DB9C5D9}.Debug|Any CPU.ActiveCfg = Debug|Any CPU
		{0D896474-A37B-4551-A14E-4B5C6DB9C5D9}.Debug|Any CPU.Build.0 = Debug|Any CPU
		{0D896474-A37B-4551-A14E-4B5C6DB9C5D9}.Release|Any CPU.ActiveCfg = Release|Any CPU
		{0D896474-A37B-4551-A14E-4B5C6DB9C5D9}.Release|Any CPU.Build.0 = Release|Any CPU
		{03E132B9-C74A-4C98-A798-FC9A79B9A323}.Debug|Any CPU.ActiveCfg = Debug|Any CPU
		{03E132B9-C74A-4C98-A798-FC9A79B9A323}.Debug|Any CPU.Build.0 = Debug|Any CPU
		{03E132B9-C74A-4C98-A798-FC9A79B9A323}.Release|Any CPU.ActiveCfg = Release|Any CPU
		{03E132B9-C74A-4C98-A798-FC9A79B9A323}.Release|Any CPU.Build.0 = Release|Any CPU
		{15399D65-CC5F-4240-97A1-5CA06602EEC8}.Debug|Any CPU.ActiveCfg = Debug|Any CPU
		{15399D65-CC5F-4240-97A1-5CA06602EEC8}.Debug|Any CPU.Build.0 = Debug|Any CPU
		{15399D65-CC5F-4240-97A1-5CA06602EEC8}.Release|Any CPU.ActiveCfg = Release|Any CPU
		{15399D65-CC5F-4240-97A1-5CA06602EEC8}.Release|Any CPU.Build.0 = Release|Any CPU
		{47DB9698-583E-41EA-A0FD-FF8D53BA0E96}.Debug|Any CPU.ActiveCfg = Debug|Any CPU
		{47DB9698-583E-41EA-A0FD-FF8D53BA0E96}.Debug|Any CPU.Build.0 = Debug|Any CPU
		{47DB9698-583E-41EA-A0FD-FF8D53BA0E96}.Release|Any CPU.ActiveCfg = Release|Any CPU
		{47DB9698-583E-41EA-A0FD-FF8D53BA0E96}.Release|Any CPU.Build.0 = Release|Any CPU
		{9BB9DB8E-10FD-4284-88C7-6C3A9EDDAF9C}.Debug|Any CPU.ActiveCfg = Debug|Any CPU
		{9BB9DB8E-10FD-4284-88C7-6C3A9EDDAF9C}.Debug|Any CPU.Build.0 = Debug|Any CPU
		{9BB9DB8E-10FD-4284-88C7-6C3A9EDDAF9C}.Release|Any CPU.ActiveCfg = Release|Any CPU
		{9BB9DB8E-10FD-4284-88C7-6C3A9EDDAF9C}.Release|Any CPU.Build.0 = Release|Any CPU
		{8303F4DB-F3FB-44A2-BE0F-038D8F820D2E}.Debug|Any CPU.ActiveCfg = Debug|Any CPU
		{8303F4DB-F3FB-44A2-BE0F-038D8F820D2E}.Debug|Any CPU.Build.0 = Debug|Any CPU
		{8303F4DB-F3FB-44A2-BE0F-038D8F820D2E}.Release|Any CPU.ActiveCfg = Release|Any CPU
		{8303F4DB-F3FB-44A2-BE0F-038D8F820D2E}.Release|Any CPU.Build.0 = Release|Any CPU
		{88F60121-02F8-4328-A503-70299E0C8952}.Debug|Any CPU.ActiveCfg = Debug|Any CPU
		{88F60121-02F8-4328-A503-70299E0C8952}.Debug|Any CPU.Build.0 = Debug|Any CPU
		{88F60121-02F8-4328-A503-70299E0C8952}.Release|Any CPU.ActiveCfg = Release|Any CPU
		{88F60121-02F8-4328-A503-70299E0C8952}.Release|Any CPU.Build.0 = Release|Any CPU
		{CFB03489-3787-43D4-B524-5261C1CEEBE7}.Debug|Any CPU.ActiveCfg = Debug|Any CPU
		{CFB03489-3787-43D4-B524-5261C1CEEBE7}.Debug|Any CPU.Build.0 = Debug|Any CPU
		{CFB03489-3787-43D4-B524-5261C1CEEBE7}.Release|Any CPU.ActiveCfg = Release|Any CPU
		{CFB03489-3787-43D4-B524-5261C1CEEBE7}.Release|Any CPU.Build.0 = Release|Any CPU
		{D2054CE5-4098-418D-BC98-E199F4B36B2A}.Debug|Any CPU.ActiveCfg = Debug|Any CPU
		{D2054CE5-4098-418D-BC98-E199F4B36B2A}.Debug|Any CPU.Build.0 = Debug|Any CPU
		{D2054CE5-4098-418D-BC98-E199F4B36B2A}.Release|Any CPU.ActiveCfg = Release|Any CPU
		{D2054CE5-4098-418D-BC98-E199F4B36B2A}.Release|Any CPU.Build.0 = Release|Any CPU
		{D30B43C5-6B34-4BE2-998C-FDDC69CE505E}.Debug|Any CPU.ActiveCfg = Debug|Any CPU
		{D30B43C5-6B34-4BE2-998C-FDDC69CE505E}.Debug|Any CPU.Build.0 = Debug|Any CPU
		{D30B43C5-6B34-4BE2-998C-FDDC69CE505E}.Release|Any CPU.ActiveCfg = Release|Any CPU
		{D30B43C5-6B34-4BE2-998C-FDDC69CE505E}.Release|Any CPU.Build.0 = Release|Any CPU
	EndGlobalSection
	GlobalSection(SolutionProperties) = preSolution
		HideSolutionNode = FALSE
	EndGlobalSection
	GlobalSection(NestedProjects) = preSolution
		{505EABA7-B69D-446E-9D15-03DA477767C9} = {347A782E-D5BC-4DB0-AB89-6062B411477D}
		{9AFE963E-B0DD-4C1D-8B7C-18ACD33F4E9A} = {505EABA7-B69D-446E-9D15-03DA477767C9}
		{4E34B6CD-9805-47EA-B24F-B961DB1433A4} = {505EABA7-B69D-446E-9D15-03DA477767C9}
		{1863B629-31AB-48C1-BA12-0F31AC3A1036} = {505EABA7-B69D-446E-9D15-03DA477767C9}
		{94F2E563-A9CD-4B1F-A8CA-094569C85C97} = {505EABA7-B69D-446E-9D15-03DA477767C9}
		{DDCB09F1-3118-44AA-88D2-018AF2189F66} = {347A782E-D5BC-4DB0-AB89-6062B411477D}
		{3836D17E-1BB4-43C0-8B2D-DDFF0A48ABD6} = {347A782E-D5BC-4DB0-AB89-6062B411477D}
		{3EAEED05-0E05-439D-B5E7-6B96C0552037} = {DDCB09F1-3118-44AA-88D2-018AF2189F66}
		{72E0C848-EE1D-4B43-8A4B-42EA5C275E8D} = {DDCB09F1-3118-44AA-88D2-018AF2189F66}
		{8A20163B-3C52-44D2-8AAC-E3127E44F8BB} = {3836D17E-1BB4-43C0-8B2D-DDFF0A48ABD6}
		{0D9954E7-C0BF-4ECD-B3FF-0333F81A6AC9} = {3836D17E-1BB4-43C0-8B2D-DDFF0A48ABD6}
		{62A6406E-D00B-42A7-A103-2100E72C24F0} = {3836D17E-1BB4-43C0-8B2D-DDFF0A48ABD6}
		{D400C572-F14C-4E27-8446-1AA77565105C} = {3836D17E-1BB4-43C0-8B2D-DDFF0A48ABD6}
		{7C7AAD51-7F46-4E24-AE63-CF77502CBA99} = {347A782E-D5BC-4DB0-AB89-6062B411477D}
		{7C802C2F-17CF-459F-826F-B7695C8BE210} = {7C7AAD51-7F46-4E24-AE63-CF77502CBA99}
		{CFED8D65-B50F-4343-B3C8-C9428F5F1D7A} = {7C7AAD51-7F46-4E24-AE63-CF77502CBA99}
		{4F249DDC-3FDF-4084-A434-3F107E2C9885} = {347A782E-D5BC-4DB0-AB89-6062B411477D}
		{152369CA-0F1D-4C7C-BC81-E6692FB0D32E} = {4F249DDC-3FDF-4084-A434-3F107E2C9885}
		{623C4C6F-F6FB-448C-9415-9081021359D8} = {4F249DDC-3FDF-4084-A434-3F107E2C9885}
		{8754DA17-B6AB-4A64-B129-0858CF8133D4} = {347A782E-D5BC-4DB0-AB89-6062B411477D}
		{AF2C42D5-AFA5-442A-AC25-020B7E65F29B} = {8754DA17-B6AB-4A64-B129-0858CF8133D4}
		{AF31C32E-C716-43BA-B03B-B9BD75B26660} = {8754DA17-B6AB-4A64-B129-0858CF8133D4}
		{9A4D1618-A0CD-413E-B356-3219E27ABD6F} = {8754DA17-B6AB-4A64-B129-0858CF8133D4}
		{71B1C897-7B00-470E-8AA2-4DCF62F0DCA2} = {8754DA17-B6AB-4A64-B129-0858CF8133D4}
		{C04994B5-4389-4A97-AD25-12B67DB6E7C7} = {52CBA619-BCD2-4BBF-82F6-332C6A463FB2}
		{0D896474-A37B-4551-A14E-4B5C6DB9C5D9} = {C04994B5-4389-4A97-AD25-12B67DB6E7C7}
		{03E132B9-C74A-4C98-A798-FC9A79B9A323} = {C04994B5-4389-4A97-AD25-12B67DB6E7C7}
		{A857F0B6-8A93-43A8-BCDE-7E9300C39097} = {347A782E-D5BC-4DB0-AB89-6062B411477D}
		{074A81D8-28C4-42CA-A0CC-CB6927FA75AF} = {347A782E-D5BC-4DB0-AB89-6062B411477D}
		{15399D65-CC5F-4240-97A1-5CA06602EEC8} = {074A81D8-28C4-42CA-A0CC-CB6927FA75AF}
		{22535931-49DD-419C-B19A-21AA3B36E95A} = {347A782E-D5BC-4DB0-AB89-6062B411477D}
		{47DB9698-583E-41EA-A0FD-FF8D53BA0E96} = {22535931-49DD-419C-B19A-21AA3B36E95A}
		{2BD6FE8C-8152-41F6-994D-0B3CF8754F29} = {440387C2-A709-4EEC-B3A5-41F8DE063392}
		{9BB9DB8E-10FD-4284-88C7-6C3A9EDDAF9C} = {2BD6FE8C-8152-41F6-994D-0B3CF8754F29}
		{8303F4DB-F3FB-44A2-BE0F-038D8F820D2E} = {2BD6FE8C-8152-41F6-994D-0B3CF8754F29}
		{52CBA619-BCD2-4BBF-82F6-332C6A463FB2} = {347A782E-D5BC-4DB0-AB89-6062B411477D}
		{8EEB7B73-85F4-4230-AC48-BD14BBBE741E} = {347A782E-D5BC-4DB0-AB89-6062B411477D}
		{88F60121-02F8-4328-A503-70299E0C8952} = {8EEB7B73-85F4-4230-AC48-BD14BBBE741E}
		{CFB03489-3787-43D4-B524-5261C1CEEBE7} = {8EEB7B73-85F4-4230-AC48-BD14BBBE741E}
		{9B333F67-19E5-4186-8AD2-552C249CB460} = {347A782E-D5BC-4DB0-AB89-6062B411477D}
		{D2054CE5-4098-418D-BC98-E199F4B36B2A} = {9B333F67-19E5-4186-8AD2-552C249CB460}
		{D30B43C5-6B34-4BE2-998C-FDDC69CE505E} = {9B333F67-19E5-4186-8AD2-552C249CB460}
	EndGlobalSection
	GlobalSection(ExtensibilityGlobals) = postSolution
		SolutionGuid = {BA9D7F87-48DF-4183-8676-C19CDDAAC484}
	EndGlobalSection
EndGlobal
